github.com/BurntSushi/xgb v0.0.0-20160522181843-27f122750802/go.mod h1:IVnqGOEym/WlBOVXweHU+Q+/VP0lqqI8lqeDx9IjBqo=
github.com/go-gl/glfw/v3.3/glfw v0.0.0-20210727001814-0db043d8d5be h1:vEIVIuBApEBQTEJt19GfhoU+zFSV+sNTa9E9FdnRYfk=
github.com/go-gl/glfw/v3.3/glfw v0.0.0-20210727001814-0db043d8d5be/go.mod h1:tQ2UAYgL5IevRw8kRxooKSPJfGvJ9fJQFa0TUsXzTg8=
github.com/hajimehoshi/bitmapfont/v2 v2.1.3 h1:JefUkL0M4nrdVwVq7MMZxSTh6mSxOylm+C4Anoucbb0=
github.com/hajimehoshi/bitmapfont/v2 v2.1.3/go.mod h1:2BnYrkTQGThpr/CY6LorYtt/zEPNzvE/ND69CRTaHMs=
github.com/hajimehoshi/ebiten/v2 v2.2.6 h1:F0pKqNjncqAUykSoAu1myFqSQC0paQEJi+OHKfTo2TA=
github.com/hajimehoshi/ebiten/v2 v2.2.6/go.mod h1:olKl/qqhMBBAm2oI7Zy292nCtE+nitlmYKNF3UpbFn0=
github.com/hajimehoshi/file2byteslice v0.0.0-20210813153925-5340248a8f41/go.mod h1:CqqAHp7Dk/AqQiwuhV1yT2334qbA/tFWQW0MD2dGqUE=
github.com/hajimehoshi/go-mp3 v0.3.2/go.mod h1:qMJj/CSDxx6CGHiZeCgbiq2DSUkbK0UbtXShQcnfyMM=
github.com/hajimehoshi/oto v0.6.1/go.mod h1:0QXGEkbuJRohbJaxr7ZQSxnju7hEhseiPx2hrh6raOI=
github.com/hajimehoshi/oto/v2 v2.1.0-alpha.2/go.mod h1:rUKQmwMkqmRxe+IAof9+tuYA2ofm8cAWXFmSfzDN8vQ=
github.com/illua1/Game-UI v0.0.0-20220412181653-4efb199a3e49 h1:Srlkyts69rCZAtWi2HuE6Qd8+B7S2m9lWmRkcoAc6NA=
github.com/illua1/Game-UI v0.0.0-20220412181653-4efb199a3e49/go.mod h1:mnD0MFTjTyZVFY1c92Ww4k4qW2lg0iC4LLDbSE9Fkfo=
github.com/illua1/go-helpful v0.0.0-20220415193522-91582a6db13a h1:17OkMi6JWVARGaselMm4SLPOjGhfVcLwVQEWo9PyrFI=
github.com/illua1/go-helpful v0.0.0-20220415193522-91582a6db13a/go.mod h1:C1Of6MolyVgUf+dvihNnnbDfnAoYY6WZ49zfL8yE9/A=
github.com/illua1/go-helpful v0.0.0-20220415200931-cd6c16aed9dc h1:moMBG1ttBsipOHiKvXB7lYcU/LLkSgO54U6G/sIcgKs=
github.com/illua1/go-helpful v0.0.0-20220415200931-cd6c16aed9dc/go.mod h1:C1Of6MolyVgUf+dvihNnnbDfnAoYY6WZ49zfL8yE9/A=
github.com/illua1/go-helpful v0.0.0-20220415201750-2c488c0c9468 h1:+bbhekdk5TODp+gvT+C5NMgDzCViSP4FHEFKMADK39o=
github.com/illua1/go-helpful v0.0.0-20220415201750-2c488c0c9468/go.mod h1:C1Of6MolyVgUf+dvihNnnbDfnAoYY6WZ49zfL8yE9/A=
github.com/illua1/go-helpful v0.0.0-20220415204129-0f7baf2bf41b h1:okk6upXfDz0RZPp5p27cX4XaHxtm5JKEePQp7lAvlzM=
github.com/illua1/go-helpful v0.0.0-20220415204129-0f7baf2bf41b/go.mod h1:C1Of6MolyVgUf+dvihNnnbDfnAoYY6WZ49zfL8yE9/A=
github.com/illua1/go-helpful v0.0.0-20220415204852-d422c9426c24 h1:snF8qWjG9xTAUxDeeOs9X4EErbnr113x97f0juR0OZc=
github.com/illua1/go-helpful v0.0.0-20220415204852-d422c9426c24/go.mod h1:C1Of6MolyVgUf+dvihNnnbDfnAoYY6WZ49zfL8yE9/A=
github.com/illua1/go-helpful v0.0.0-20220415211306-314f9fd9b5e7 h1:egvXJCFgEHHUujPeuaTht3uAPmCM79vSyKcg970KcC8=
github.com/illua1/go-helpful v0.0.0-20220415211306-314f9fd9b5e7/go.mod h1:C1Of6MolyVgUf+dvihNnnbDfnAoYY6WZ49zfL8yE9/A=
github.com/illua1/go-helpful v0.0.0-20220416054257-a1929d7cb7fd h1:ax3u/EtSBZwVFpFWZ2lb4dFpc/u0VLCX/9LwKLs4lQ4=
github.com/illua1/go-helpful v0.0.0-20220416054257-a1929d7cb7fd/go.mod h1:C1Of6MolyVgUf+dvihNnnbDfnAoYY6WZ49zfL8yE9/A=
github.com/illua1/go-helpful v0.0.0-20220416060602-cfd837e09630 h1:Y9J7FoVh+V7G+MqEoGkTjjdqc8k69yhz+2M+xikae8k=
github.com/illua1/go-helpful v0.0.0-20220416060602-cfd837e09630/go.mod h1:C1Of6MolyVgUf+dvihNnnbDfnAoYY6WZ49zfL8yE9/A=
github.com/illua1/go-helpful v0.0.0-20220416060713-1a6c5a10655a h1:f2l/4EB0B3G69S2nrY+hrsTO8UPkiBEtGFmtvk/Ui9Q=
github.com/illua1/go-helpful v0.0.0-20220416060713-1a6c5a10655a/go.mod h1:C1Of6MolyVgUf+dvihNnnbDfnAoYY6WZ49zfL8yE9/A=
github.com/illua1/go-helpful v0.0.0-20220416060809-568ca28913ea h1:NBq+ReKV3fZmlxshfO/XoX6mkwL8eUhudYJOiZf/7r4=
github.com/illua1/go-helpful v0.0.0-20220416060809-568ca28913ea/go.mod h1:C1Of6MolyVgUf+dvihNnnbDfnAoYY6WZ49zfL8yE9/A=
github.com/illua1/go-helpful v0.0.0-20220416060945-dbc2deac397c h1:m65iKSjEzoIfv0yrXR5uIf8AHFKojP3GCkbWOflGJRE=
github.com/illua1/go-helpful v0.0.0-20220416060945-dbc2deac397c/go.mod h1:C1Of6MolyVgUf+dvihNnnbDfnAoYY6WZ49zfL8yE9/A=
github.com/illua1/go-helpful v0.0.0-20220416061025-b0cef01c364d h1:cBc4FjJSRS0mK1x624n4ih+0K0f5VhubunHalIrOIDA=
github.com/illua1/go-helpful v0.0.0-20220416061025-b0cef01c364d/go.mod h1:C1Of6MolyVgUf+dvihNnnbDfnAoYY6WZ49zfL8yE9/A=
github.com/illua1/go-helpful v0.0.0-20220416061411-9e315fc17782 h1:d0YDMJpSVdfpgigHpMYLNrRzgXZhtWIAsLrJYknPfzE=
github.com/illua1/go-helpful v0.0.0-20220416061411-9e315fc17782/go.mod h1:C1Of6MolyVgUf+dvihNnnbDfnAoYY6WZ49zfL8yE9/A=
github.com/illua1/go-helpful v0.0.0-20220416061558-584c025dc7d6 h1:kHfawBqREoXqkcP3j7PYPNGgB0JlCcxMjgY8eBe0Kkc=
github.com/illua1/go-helpful v0.0.0-20220416061558-584c025dc7d6/go.mod h1:C1Of6MolyVgUf+dvihNnnbDfnAoYY6WZ49zfL8yE9/A=
github.com/illua1/go-helpful v0.0.0-20220416061706-1de37e5337ed h1:lbgdS759ridjw/FGp8PzuacobTgJ2B5oJCxIV3p6wO8=
github.com/illua1/go-helpful v0.0.0-20220416061706-1de37e5337ed/go.mod h1:C1Of6MolyVgUf+dvihNnnbDfnAoYY6WZ49zfL8yE9/A=
github.com/illua1/go-helpful v0.0.0-20220416111715-82eec8c76154 h1:PmBo2M22mIhCO/4mftmkAZC9/k2O8qjdXO2X/f+uZkE=
github.com/illua1/go-helpful v0.0.0-20220416111715-82eec8c76154/go.mod h1:C1Of6MolyVgUf+dvihNnnbDfnAoYY6WZ49zfL8yE9/A=
github.com/illua1/go-helpful v0.0.0-20220417112114-209b737fdabc h1:XcqSeAPWhnw5rrPVAZ3A47RPqwH1AdSX/9hIKadVON4=
github.com/illua1/go-helpful v0.0.0-20220417112114-209b737fdabc/go.mod h1:C1Of6MolyVgUf+dvihNnnbDfnAoYY6WZ49zfL8yE9/A=
github.com/illua1/go-helpful v0.0.0-20220417112738-e4daa98500bb h1:pPvQGIzn+wFBu5K6in28LVi3m+K/nmyceOl+LWnHF3k=
github.com/illua1/go-helpful v0.0.0-20220417112738-e4daa98500bb/go.mod h1:C1Of6MolyVgUf+dvihNnnbDfnAoYY6WZ49zfL8yE9/A=
github.com/illua1/go-helpful v0.0.0-20220417160620-8fbfb96b4f76 h1:OJJP9qCdTYSEmSrThc2SwbTDh2rdYxSUQpcMzlV4dfc=
github.com/illua1/go-helpful v0.0.0-20220417160620-8fbfb96b4f76/go.mod h1:C1Of6MolyVgUf+dvihNnnbDfnAoYY6WZ49zfL8yE9/A=
github.com/illua1/go-helpful v0.0.0-20220417193953-d06bde8270d8 h1:Fq5m5orfza2stQg13FmVVjdi8Vt3qXvdUWsQ49RCaJQ=
github.com/illua1/go-helpful v0.0.0-20220417193953-d06bde8270d8/go.mod h1:C1Of6MolyVgUf+dvihNnnbDfnAoYY6WZ49zfL8yE9/A=
github.com/illua1/go-helpful v0.0.0-20220417194211-f49c30ae25ce h1:KSLT1U8qRC0+616vyg09pMk3c37pQoUR0PvCaotUV/w=
github.com/illua1/go-helpful v0.0.0-20220417194211-f49c30ae25ce/go.mod h1:C1Of6MolyVgUf+dvihNnnbDfnAoYY6WZ49zfL8yE9/A=
github.com/illua1/go-helpful v0.0.0-20220417194319-a74d3c94213e h1:9rLNwtsnzhcnplN/w0P+XNZTKIuLtCXtlYCUiukeIxA=
github.com/illua1/go-helpful v0.0.0-20220417194319-a74d3c94213e/go.mod h1:C1Of6MolyVgUf+dvihNnnbDfnAoYY6WZ49zfL8yE9/A=
github.com/illua1/go-helpful v0.0.0-20220417194523-2b59f197f28f h1:qWcgh8KXlUxYYy9nigrdHfv5bS/vDFx1Kfw8bHk4Y2A=
github.com/illua1/go-helpful v0.0.0-20220417194523-2b59f197f28f/go.mod h1:C1Of6MolyVgUf+dvihNnnbDfnAoYY6WZ49zfL8yE9/A=
github.com/illua1/go-helpful v0.0.0-20220417194647-c3b8d9353633 h1:c443smGTHVpixn4ll1Vb0zRtR6LqpaU1XGOkXh1I3h0=
github.com/illua1/go-helpful v0.0.0-20220417194647-c3b8d9353633/go.mod h1:C1Of6MolyVgUf+dvihNnnbDfnAoYY6WZ49zfL8yE9/A=
github.com/illua1/go-helpful v0.0.0-20220418145757-21208d61740b h1:CitqhsjJZZn8pwL1ws+Fd0cEk41jxTURWYp08i8cxwo=
github.com/illua1/go-helpful v0.0.0-20220418145757-21208d61740b/go.mod h1:C1Of6MolyVgUf+dvihNnnbDfnAoYY6WZ49zfL8yE9/A=
github.com/illua1/go-helpful v0.0.0-20220418191740-f95222c3be62 h1:rT8DzyxKNPScwA14n8Xk5upQJTpXHFewaGNLMUt+i6A=
github.com/illua1/go-helpful v0.0.0-20220418191740-f95222c3be62/go.mod h1:C1Of6MolyVgUf+dvihNnnbDfnAoYY6WZ49zfL8yE9/A=
github.com/illua1/go-helpful v0.0.0-20220420091220-337726c397fe h1:AYL9BD5S4l4kIsJ5jh0I6NJ+OhMfS+eSCSMdW3FaIFM=
github.com/illua1/go-helpful v0.0.0-20220420091220-337726c397fe/go.mod h1:C1Of6MolyVgUf+dvihNnnbDfnAoYY6WZ49zfL8yE9/A=
github.com/illua1/go-helpful v0.0.0-20220423085839-950ef31d6dce h1:Ty9r2FRxkqCCPQTHE52XQykmAFkwbWkmSASAEWHbUjM=
github.com/illua1/go-helpful v0.0.0-20220423085839-950ef31d6dce/go.mod h1:C1Of6MolyVgUf+dvihNnnbDfnAoYY6WZ49zfL8yE9/A=
github.com/illua1/go-helpful v0.0.0-20220423131448-693836f6a6e9 h1:xwyujruH4UPu9TZdfO7CgC92yS32bzebIw8xt9cI0ok=
github.com/illua1/go-helpful v0.0.0-20220423131448-693836f6a6e9/go.mod h1:C1Of6MolyVgUf+dvihNnnbDfnAoYY6WZ49zfL8yE9/A=
github.com/illua1/go-helpful v0.0.0-20220424142326-ef05e5038516 h1:c+hDvLh/EMwxCW70IcpCMqe/XSxo6bCl/l0HY6l1w4g=
github.com/illua1/go-helpful v0.0.0-20220424142326-ef05e5038516/go.mod h1:C1Of6MolyVgUf+dvihNnnbDfnAoYY6WZ49zfL8yE9/A=
github.com/jakecoffman/cp v1.1.0/go.mod h1:JjY/Fp6d8E1CHnu74gWNnU0+b9VzEdUVPoJxg2PsTQg=
github.com/jezek/xgb v0.0.0-20210312150743-0e0f116e1240/go.mod h1:3P4UH/k22rXyHIJD2w4h2XMqPX4Of/eySEZq9L6wqc4=
github.com/jezek/xgb v1.0.0 h1:s2rRzAV8KQRlpsYA7Uyxoidv1nodMF0m6dIG6FhhVLQ=
github.com/jezek/xgb v1.0.0/go.mod h1:nrhwO0FX/enq75I7Y7G8iN1ubpSGZEiA3v9e9GyRFlk=
github.com/jfreymuth/oggvorbis v1.0.3/go.mod h1:1U4pqWmghcoVsCJJ4fRBKv9peUJMBHixthRlBeD6uII=
github.com/jfreymuth/vorbis v1.0.2/go.mod h1:DoftRo4AznKnShRl1GxiTFCseHr4zR9BN3TWXyuzrqQ=
github.com/pkg/browser v0.0.0-20180916011732-0a3d74bf9ce4/go.mod h1:4OwLy04Bl9Ef3GJJCoec+30X3LQs/0/m4HFRt/2LUSA=
github.com/yuin/goldmark v1.3.5/go.mod h1:mwnBkeHKe2W/ZEtQ+71ViKU8L12m81fl3OWwC1Zlc8k=
github.com/yuin/goldmark v1.4.0/go.mod h1:mwnBkeHKe2W/ZEtQ+71ViKU8L12m81fl3OWwC1Zlc8k=
github.com/yuin/goldmark v1.4.1 h1:/vn0k+RBvwlxEmP5E7SZMqNxPhfMVFEJiykr15/0XKM=
github.com/yuin/goldmark v1.4.1/go.mod h1:mwnBkeHKe2W/ZEtQ+71ViKU8L12m81fl3OWwC1Zlc8k=
golang.org/x/crypto v0.0.0-20190308221718-c2843e01d9a2/go.mod h1:djNgcEr1/C05ACkg1iLfiJU5Ep61QUkGW8qpdssI0+w=
golang.org/x/crypto v0.0.0-20190510104115-cbcb75029529/go.mod h1:yigFU9vqHzYiE8UmvKecakEJjdnWj3jj499lnFckfCI=
golang.org/x/crypto v0.0.0-20191011191535-87dc89f01550/go.mod h1:yigFU9vqHzYiE8UmvKecakEJjdnWj3jj499lnFckfCI=
golang.org/x/exp v0.0.0-20190306152737-a1d7652674e8/go.mod h1:CJ0aWSM057203Lf6IL+f9T1iT9GByDxfZKAQTCR3kQA=
golang.org/x/exp v0.0.0-20190731235908-ec7cb31e5a56/go.mod h1:JhuoJpWY28nO4Vef9tZUw9qufEGTyX1+7lmHxV5q5G4=
golang.org/x/exp v0.0.0-20220407100705-7b9b53b0aca4 h1:K3x+yU+fbot38x5bQbU2QqUAVyYLEktdNH2GxZLnM3U=
golang.org/x/exp v0.0.0-20220407100705-7b9b53b0aca4/go.mod h1:lgLbSvA5ygNOMpwM/9anMpWVlVJ7Z+cHWq/eFuinpGE=
golang.org/x/exp/shiny v0.0.0-20220407100705-7b9b53b0aca4 h1:ywNGLBFk8tKaiu+GYZeoXWzrFoJ/a1LHYKy1lb3R9cM=
golang.org/x/exp/shiny v0.0.0-20220407100705-7b9b53b0aca4/go.mod h1:VjAR7z0ngyATZTELrBSkxOOHhhlnVUxDye4mcjx5h/8=
golang.org/x/image v0.0.0-20190227222117-0694c2d4d067/go.mod h1:kZ7UVZpmo3dzQBMxlp+ypCbDeSB+sBbTgSJuh5dn5js=
golang.org/x/image v0.0.0-20190703141733-d6a02ce849c9/go.mod h1:FeLwcggjj3mMvU+oOTbSwawSJRM1uh48EjtB4UJZlP0=
golang.org/x/image v0.0.0-20190802002840-cff245a6509b/go.mod h1:FeLwcggjj3mMvU+oOTbSwawSJRM1uh48EjtB4UJZlP0=
golang.org/x/image v0.0.0-20210628002857-a66eb6448b8d h1:RNPAfi2nHY7C2srAV8A49jpsYr0ADedCk1wq6fTMTvs=
golang.org/x/image v0.0.0-20210628002857-a66eb6448b8d/go.mod h1:023OzeP/+EPmXeapQh35lcL3II3LrY8Ic+EFFKVhULM=
golang.org/x/mobile v0.0.0-20190312151609-d3739f865fa6/go.mod h1:z+o9i4GpDbdi3rU15maQ/Ox0txvL9dWGYEHz965HBQE=
golang.org/x/mobile v0.0.0-20190415191353-3e0bab5405d6/go.mod h1:E/iHnbuqvinMTCcRqshq8CkpyQDoeVncDDYHnLhea+o=
golang.org/x/mobile v0.0.0-20210902104108-5d9a33257ab5 h1:peBP2oZO/xVnGMaWMCyFEI0WENsGj71wx5K12mRELHQ=
golang.org/x/mobile v0.0.0-20210902104108-5d9a33257ab5/go.mod h1:c4YKU3ZylDmvbw+H/PSvm42vhdWbuxCzbonauEAP9B8=
golang.org/x/mod v0.1.0/go.mod h1:0QHyrYULN0/3qlju5TqG8bIK38QM8yzMo5ekMj3DlcY=
golang.org/x/mod v0.4.2/go.mod h1:s0Qsj1ACt9ePp/hMypM3fl4fZqREWJwdYDEqhRiZZUA=
golang.org/x/net v0.0.0-20190311183353-d8887717615a/go.mod h1:t9HGtf8HONx5eT2rtn7q6eTqICYqUVnKs3thJo3Qplg=
golang.org/x/net v0.0.0-20190404232315-eb5bcb51f2a3/go.mod h1:t9HGtf8HONx5eT2rtn7q6eTqICYqUVnKs3thJo3Qplg=
golang.org/x/net v0.0.0-20190620200207-3b0461eec859/go.mod h1:z5CRVTTTmAJ677TzLLGU+0bjPO0LkuOLi4/5GtJWs/s=
golang.org/x/net v0.0.0-20210405180319-a5a99cb37ef4/go.mod h1:p54w0d4576C0XHj96bSt6lcn1PtDYWL6XObtHCRCNQM=
golang.org/x/net v0.0.0-20210805182204-aaa1db679c0d/go.mod h1:9nx3DQGgdP8bBQD5qxJ1jj9UTztislL4KSBs9R2vV5Y=
golang.org/x/sync v0.0.0-20190423024810-112230192c58/go.mod h1:RxMgew5VJxzue5/jJTE5uejpjVlOe/izrB70Jof72aM=
golang.org/x/sync v0.0.0-20210220032951-036812b2e83c h1:5KslGYwFpkhGh+Q16bwMP3cOontH8FOep7tGV86Y7SQ=
golang.org/x/sync v0.0.0-20210220032951-036812b2e83c/go.mod h1:RxMgew5VJxzue5/jJTE5uejpjVlOe/izrB70Jof72aM=
golang.org/x/sys v0.0.0-20190215142949-d0b11bdaac8a/go.mod h1:STP8DvDyc/dI5b8T5hshtkjS+E42TnysNCUPdjciGhY=
golang.org/x/sys v0.0.0-20190312061237-fead79001313/go.mod h1:h1NjWce9XRLGQEsW7wpKNCjG9DtNlClVuFLEZdDNbEs=
golang.org/x/sys v0.0.0-20190412213103-97732733099d/go.mod h1:h1NjWce9XRLGQEsW7wpKNCjG9DtNlClVuFLEZdDNbEs=
golang.org/x/sys v0.0.0-20190429190828-d89cdac9e872/go.mod h1:h1NjWce9XRLGQEsW7wpKNCjG9DtNlClVuFLEZdDNbEs=
golang.org/x/sys v0.0.0-20201119102817-f84b799fce68/go.mod h1:h1NjWce9XRLGQEsW7wpKNCjG9DtNlClVuFLEZdDNbEs=
golang.org/x/sys v0.0.0-20210330210617-4fbd30eecc44/go.mod h1:h1NjWce9XRLGQEsW7wpKNCjG9DtNlClVuFLEZdDNbEs=
golang.org/x/sys v0.0.0-20210423082822-04245dca01da/go.mod h1:h1NjWce9XRLGQEsW7wpKNCjG9DtNlClVuFLEZdDNbEs=
golang.org/x/sys v0.0.0-20210510120138-977fb7262007/go.mod h1:oPkhp1MJrh7nUepCBck5+mAzfO9JrbApNNgaTdGDITg=
golang.org/x/sys v0.0.0-20210809222454-d867a43fc93e/go.mod h1:oPkhp1MJrh7nUepCBck5+mAzfO9JrbApNNgaTdGDITg=
golang.org/x/sys v0.0.0-20210917161153-d61c044b1678/go.mod h1:oPkhp1MJrh7nUepCBck5+mAzfO9JrbApNNgaTdGDITg=
golang.org/x/sys v0.0.0-20211019181941-9d821ace8654 h1:id054HUawV2/6IGm2IV8KZQjqtwAOo2CYlOToYqa0d0=
golang.org/x/sys v0.0.0-20211019181941-9d821ace8654/go.mod h1:oPkhp1MJrh7nUepCBck5+mAzfO9JrbApNNgaTdGDITg=
golang.org/x/term v0.0.0-20201126162022-7de9c90e9dd1/go.mod h1:bj7SfCRtBDWHUb9snDiAeCFNEtKQo2Wmx5Cou7ajbmo=
golang.org/x/text v0.3.0/go.mod h1:NqM8EUOU14njkJ3fqMW+pc6Ldnwhi/IjpwHt7yyuwOQ=
golang.org/x/text v0.3.3/go.mod h1:5Zoc/QRtKVWzQhOtBMvqHzDpF6irO9z98xDceosuGiQ=
golang.org/x/text v0.3.6 h1:aRYxNxv6iGQlyVaZmk6ZgYEDa+Jg18DxebPSrd6bg1M=
golang.org/x/text v0.3.6/go.mod h1:5Zoc/QRtKVWzQhOtBMvqHzDpF6irO9z98xDceosuGiQ=
golang.org/x/text v0.3.7 h1:olpwvP2KacW1ZWvsR7uQhoyTYvKAupfQrRGBFM352Gk=
golang.org/x/text v0.3.7/go.mod h1:u+2+/6zg+i71rQMx5EYifcz6MCKuco9NR6JIITiCfzQ=
golang.org/x/tools v0.0.0-20180917221912-90fa682c2a6e/go.mod h1:n7NCudcB/nEzxVGmLbDWY5pfWTLqBcC2KZ6jyYvM4mQ=
golang.org/x/tools v0.0.0-20190312151545-0bb0c0a6e846/go.mod h1:LCzVGOaR6xXOjkQ3onu1FJEFr0SW1gC7cKk1uF8kGRs=
golang.org/x/tools v0.0.0-20191119224855-298f0cb1881e/go.mod h1:b+2E5dAYhXwXZwtnZ6UAqBI28+e2cm9otk0dWdXHAEo=
golang.org/x/tools v0.1.2/go.mod h1:o0xws9oXOQQZyjljx8fwUC0k7L1pTE6eaCbjGeHmOkk=
golang.org/x/tools v0.1.6/go.mod h1:LGqMHiF4EqQNHR1JncWGqT5BVaXmza+X+BDGol+dOxo=
golang.org/x/tools v0.1.10 h1:QjFRCZxdOhBJ/UNgnBZLbNV13DlbnK0quyivTnXJM20=
golang.org/x/tools v0.1.10/go.mod h1:Uh6Zz+xoGYZom868N8YTex3t7RhtHDBrE8Gzo9bV56E=
golang.org/x/xerrors v0.0.0-20190717185122-a985d3407aa7/go.mod h1:I/5z698sn9Ka8TeJc9MKroUUfqBBauWjQqLJ2OPfmY0=
golang.org/x/xerrors v0.0.0-20191011141410-1b5146add898/go.mod h1:I/5z698sn9Ka8TeJc9MKroUUfqBBauWjQqLJ2OPfmY0=
golang.org/x/xerrors v0.0.0-20200804184101-5ec99f83aff1/go.mod h1:I/5z698sn9Ka8TeJc9MKroUUfqBBauWjQqLJ2OPfmY0=
